PODS:
  - ffmpeg-kit-ios-full (5.1)
  - ffmpeg_kit_flutter_full (5.1.0):
    - ffmpeg_kit_flutter_full/full (= 5.1.0)
    - Flutter
  - ffmpeg_kit_flutter_full/full (5.1.0):
    - ffmpeg-kit-ios-full (= 5.1)
    - Flutter
  - Flutter (1.0.0)
  - image_picker_ios (0.0.1):
    - Flutter
  - path_provider_foundation (0.0.1):
    - Flutter
    - FlutterMacOS

DEPENDENCIES:
  - ffmpeg_kit_flutter_full (from `.symlinks/plugins/ffmpeg_kit_flutter_full/ios`)
  - Flutter (from `Flutter`)
  - image_picker_ios (from `.symlinks/plugins/image_picker_ios/ios`)
  - path_provider_foundation (from `.symlinks/plugins/path_provider_foundation/ios`)

SPEC REPOS:
  trunk:
    - ffmpeg-kit-ios-full

EXTERNAL SOURCES:
  ffmpeg_kit_flutter_full:
    :path: ".symlinks/plugins/ffmpeg_kit_flutter_full/ios"
  Flutter:
    :path: Flutter
  image_picker_ios:
    :path: ".symlinks/plugins/image_picker_ios/ios"
  path_provider_foundation:
    :path: ".symlinks/plugins/path_provider_foundation/ios"

SPEC CHECKSUMS:
  ffmpeg-kit-ios-full: 4a02624db22a9ea1e92e3b6707bffe67c76f4aad
  ffmpeg_kit_flutter_full: b68e3ec78737630f790d1eca5ea50f52044645ee
  Flutter: f04841e97a9d0b0a8025694d0796dd46242b2854
  image_picker_ios: b786a5dcf033a8336a657191401bfdf12017dabb
  path_provider_foundation: 37748e03f12783f9de2cb2c4eadfaa25fe6d4852

PODFILE CHECKSUM: 7adbc9d59f05e1b01f554ea99b6c79e97f2214a2

COCOAPODS: 1.11.3
